
Microsoft Visual Studio Solution File, Format Version 12.00
# Visual Studio Version 17
VisualStudioVersion = 17.14.36121.58 d17.14
MinimumVisualStudioVersion = 10.0.40219.1
Project("{888888A0-9F3D-457C-B088-3A5042F75D52}") = "Linear_actuator_control", "Linear_actuator_control\Linear_actuator_control.pyproj", "{07E347F7-0EB9-4478-B5A2-D113AF57F73A}"
EndProject
Global
	GlobalSection(SolutionConfigurationPlatforms) = preSolution
		Debug|Any CPU = Debug|Any CPU
		Release|Any CPU = Release|Any CPU
	EndGlobalSection
	GlobalSection(ProjectConfigurationPlatforms) = postSolution
		{07E347F7-0EB9-4478-B5A2-D113AF57F73A}.Debug|Any CPU.ActiveCfg = Debug|Any CPU
		{07E347F7-0EB9-4478-B5A2-D113AF57F73A}.Release|Any CPU.ActiveCfg = Release|Any CPU
	EndGlobalSection
	GlobalSection(SolutionProperties) = preSolution
		HideSolutionNode = FALSE
	EndGlobalSection
	GlobalSection(ExtensibilityGlobals) = postSolution
		SolutionGuid = {0733C120-D2C0-466C-9B4F-EF14CEE5FF59}
	EndGlobalSection
EndGlobal
